// !$*UTF8*$!
{
	archiveVersion = 1;
	classes = {
	};
	objectVersion = 56;
	objects = {

/* Begin PBXBuildFile section */
		536398422C362CAF00427993 /* snowFall.sks in Resources */ = {isa = PBXBuildFile; fileRef = 536398412C362CAF00427993 /* snowFall.sks */; };
		53961F342C25538A00556E77 /* OPWeatherApp.swift in Sources */ = {isa = PBXBuildFile; fileRef = 53961F332C25538A00556E77 /* OPWeatherApp.swift */; };
		53961F362C25538A00556E77 /* ContentView.swift in Sources */ = {isa = PBXBuildFile; fileRef = 53961F352C25538A00556E77 /* ContentView.swift */; };
		53961F382C25538B00556E77 /* Assets.xcassets in Resources */ = {isa = PBXBuildFile; fileRef = 53961F372C25538B00556E77 /* Assets.xcassets */; };
		53961F3B2C25538B00556E77 /* Preview Assets.xcassets in Resources */ = {isa = PBXBuildFile; fileRef = 53961F3A2C25538B00556E77 /* Preview Assets.xcassets */; };
		53961F452C25538B00556E77 /* WeatherViewModelTests.swift in Sources */ = {isa = PBXBuildFile; fileRef = 53961F442C25538B00556E77 /* WeatherViewModelTests.swift */; };
		53961F4F2C25538B00556E77 /* OPWeatherUITests.swift in Sources */ = {isa = PBXBuildFile; fileRef = 53961F4E2C25538B00556E77 /* OPWeatherUITests.swift */; };
		53961F512C25538B00556E77 /* OPWeatherUITestsLaunchTests.swift in Sources */ = {isa = PBXBuildFile; fileRef = 53961F502C25538B00556E77 /* OPWeatherUITestsLaunchTests.swift */; };
		53A4594B2C2572C800FD969B /* WeatherData.swift in Sources */ = {isa = PBXBuildFile; fileRef = 53A4594A2C2572C800FD969B /* WeatherData.swift */; };
		53A4594D2C27F1A700FD969B /* LocationManager.swift in Sources */ = {isa = PBXBuildFile; fileRef = 53A4594C2C27F1A700FD969B /* LocationManager.swift */; };
		53A459502C298F9E00FD969B /* RainFall.sks in Resources */ = {isa = PBXBuildFile; fileRef = 53A4594E2C298F9D00FD969B /* RainFall.sks */; };
		53A459512C298F9E00FD969B /* Assets.xcassets in Resources */ = {isa = PBXBuildFile; fileRef = 53A4594F2C298F9D00FD969B /* Assets.xcassets */; };
		53A459532C29A43300FD969B /* RainScene.swift in Sources */ = {isa = PBXBuildFile; fileRef = 53A459522C29A43300FD969B /* RainScene.swift */; };
		53A459552C2D8E2F00FD969B /* SunnyScene.swift in Sources */ = {isa = PBXBuildFile; fileRef = 53A459542C2D8E2F00FD969B /* SunnyScene.swift */; };
		53BA9B342C897A3A008E6D39 /* WeatherServiceProtocol.swift in Sources */ = {isa = PBXBuildFile; fileRef = 53BA9B332C897A3A008E6D39 /* WeatherServiceProtocol.swift */; };
		53BA9B362C899CD9008E6D39 /* MockWeatherService.swift in Sources */ = {isa = PBXBuildFile; fileRef = 53BA9B352C899CD9008E6D39 /* MockWeatherService.swift */; };
		53FDC4612C25567500F96B83 /* WeatherService.swift in Sources */ = {isa = PBXBuildFile; fileRef = 53FDC4602C25567500F96B83 /* WeatherService.swift */; };
		53FDC4632C2557CA00F96B83 /* WeatherViewModel.swift in Sources */ = {isa = PBXBuildFile; fileRef = 53FDC4622C2557CA00F96B83 /* WeatherViewModel.swift */; };
		F5432001EF82BFC7C90B87ED /* Pods_OPWeather.framework in Frameworks */ = {isa = PBXBuildFile; fileRef = 552657FFCFAC630335266A8B /* Pods_OPWeather.framework */; };
/* End PBXBuildFile section */

/* Begin PBXContainerItemProxy section */
		53961F412C25538B00556E77 /* PBXContainerItemProxy */ = {
			isa = PBXContainerItemProxy;
			containerPortal = 53961F282C25538A00556E77 /* Project object */;
			proxyType = 1;
			remoteGlobalIDString = 53961F2F2C25538A00556E77;
			remoteInfo = OPWeather;
		};
		53961F4B2C25538B00556E77 /* PBXContainerItemProxy */ = {
			isa = PBXContainerItemProxy;
			containerPortal = 53961F282C25538A00556E77 /* Project object */;
			proxyType = 1;
			remoteGlobalIDString = 53961F2F2C25538A00556E77;
			remoteInfo = OPWeather;
		};
/* End PBXContainerItemProxy section */

/* Begin PBXFileReference section */
		3CE6366FDC125AC30E3E06D5 /* Pods-OPWeather.debug.xcconfig */ = {isa = PBXFileReference; includeInIndex = 1; lastKnownFileType = text.xcconfig; name = "Pods-OPWeather.debug.xcconfig"; path = "Target Support Files/Pods-OPWeather/Pods-OPWeather.debug.xcconfig"; sourceTree = "<group>"; };
		536398412C362CAF00427993 /* snowFall.sks */ = {isa = PBXFileReference; lastKnownFileType = file.sks; path = snowFall.sks; sourceTree = "<group>"; };
		53961F302C25538A00556E77 /* OPWeather.app */ = {isa = PBXFileReference; explicitFileType = wrapper.application; includeInIndex = 0; path = OPWeather.app; sourceTree = BUILT_PRODUCTS_DIR; };
		53961F332C25538A00556E77 /* OPWeatherApp.swift */ = {isa = PBXFileReference; lastKnownFileType = sourcecode.swift; path = OPWeatherApp.swift; sourceTree = "<group>"; };
		53961F352C25538A00556E77 /* ContentView.swift */ = {isa = PBXFileReference; lastKnownFileType = sourcecode.swift; path = ContentView.swift; sourceTree = "<group>"; };
		53961F372C25538B00556E77 /* Assets.xcassets */ = {isa = PBXFileReference; lastKnownFileType = folder.assetcatalog; path = Assets.xcassets; sourceTree = "<group>"; };
		53961F3A2C25538B00556E77 /* Preview Assets.xcassets */ = {isa = PBXFileReference; lastKnownFileType = folder.assetcatalog; path = "Preview Assets.xcassets"; sourceTree = "<group>"; };
		53961F402C25538B00556E77 /* OPWeatherTests.xctest */ = {isa = PBXFileReference; explicitFileType = wrapper.cfbundle; includeInIndex = 0; path = OPWeatherTests.xctest; sourceTree = BUILT_PRODUCTS_DIR; };
		53961F442C25538B00556E77 /* WeatherViewModelTests.swift */ = {isa = PBXFileReference; lastKnownFileType = sourcecode.swift; path = WeatherViewModelTests.swift; sourceTree = "<group>"; };
		53961F4A2C25538B00556E77 /* OPWeatherUITests.xctest */ = {isa = PBXFileReference; explicitFileType = wrapper.cfbundle; includeInIndex = 0; path = OPWeatherUITests.xctest; sourceTree = BUILT_PRODUCTS_DIR; };
		53961F4E2C25538B00556E77 /* OPWeatherUITests.swift */ = {isa = PBXFileReference; lastKnownFileType = sourcecode.swift; path = OPWeatherUITests.swift; sourceTree = "<group>"; };
		53961F502C25538B00556E77 /* OPWeatherUITestsLaunchTests.swift */ = {isa = PBXFileReference; lastKnownFileType = sourcecode.swift; path = OPWeatherUITestsLaunchTests.swift; sourceTree = "<group>"; };
		53A4594A2C2572C800FD969B /* WeatherData.swift */ = {isa = PBXFileReference; lastKnownFileType = sourcecode.swift; path = WeatherData.swift; sourceTree = "<group>"; };
		53A4594C2C27F1A700FD969B /* LocationManager.swift */ = {isa = PBXFileReference; lastKnownFileType = sourcecode.swift; path = LocationManager.swift; sourceTree = "<group>"; };
		53A4594E2C298F9D00FD969B /* RainFall.sks */ = {isa = PBXFileReference; lastKnownFileType = file.sks; path = RainFall.sks; sourceTree = "<group>"; };
		53A4594F2C298F9D00FD969B /* Assets.xcassets */ = {isa = PBXFileReference; lastKnownFileType = folder.assetcatalog; path = Assets.xcassets; sourceTree = "<group>"; };
		53A459522C29A43300FD969B /* RainScene.swift */ = {isa = PBXFileReference; lastKnownFileType = sourcecode.swift; path = RainScene.swift; sourceTree = "<group>"; };
		53A459542C2D8E2F00FD969B /* SunnyScene.swift */ = {isa = PBXFileReference; lastKnownFileType = sourcecode.swift; path = SunnyScene.swift; sourceTree = "<group>"; };
		53BA9B332C897A3A008E6D39 /* WeatherServiceProtocol.swift */ = {isa = PBXFileReference; lastKnownFileType = sourcecode.swift; path = WeatherServiceProtocol.swift; sourceTree = "<group>"; };
		53BA9B352C899CD9008E6D39 /* MockWeatherService.swift */ = {isa = PBXFileReference; lastKnownFileType = sourcecode.swift; path = MockWeatherService.swift; sourceTree = "<group>"; };
		53FDC4602C25567500F96B83 /* WeatherService.swift */ = {isa = PBXFileReference; lastKnownFileType = sourcecode.swift; path = WeatherService.swift; sourceTree = "<group>"; };
		53FDC4622C2557CA00F96B83 /* WeatherViewModel.swift */ = {isa = PBXFileReference; lastKnownFileType = sourcecode.swift; path = WeatherViewModel.swift; sourceTree = "<group>"; };
		552657FFCFAC630335266A8B /* Pods_OPWeather.framework */ = {isa = PBXFileReference; explicitFileType = wrapper.framework; includeInIndex = 0; path = Pods_OPWeather.framework; sourceTree = BUILT_PRODUCTS_DIR; };
		FCE455EACC6BAFDE8948DA74 /* Pods-OPWeather.release.xcconfig */ = {isa = PBXFileReference; includeInIndex = 1; lastKnownFileType = text.xcconfig; name = "Pods-OPWeather.release.xcconfig"; path = "Target Support Files/Pods-OPWeather/Pods-OPWeather.release.xcconfig"; sourceTree = "<group>"; };
/* End PBXFileReference section */

/* Begin PBXFrameworksBuildPhase section */
		53961F2D2C25538A00556E77 /* Frameworks */ = {
			isa = PBXFrameworksBuildPhase;
			buildActionMask = 2147483647;
			files = (
				F5432001EF82BFC7C90B87ED /* Pods_OPWeather.framework in Frameworks */,
			);
			runOnlyForDeploymentPostprocessing = 0;
		};
		53961F3D2C25538B00556E77 /* Frameworks */ = {
			isa = PBXFrameworksBuildPhase;
			buildActionMask = 2147483647;
			files = (
			);
			runOnlyForDeploymentPostprocessing = 0;
		};
		53961F472C25538B00556E77 /* Frameworks */ = {
			isa = PBXFrameworksBuildPhase;
			buildActionMask = 2147483647;
			files = (
			);
			runOnlyForDeploymentPostprocessing = 0;
		};
/* End PBXFrameworksBuildPhase section */

/* Begin PBXGroup section */
		4911601AF2050DD85C6AF0C2 /* Pods */ = {
			isa = PBXGroup;
			children = (
				3CE6366FDC125AC30E3E06D5 /* Pods-OPWeather.debug.xcconfig */,
				FCE455EACC6BAFDE8948DA74 /* Pods-OPWeather.release.xcconfig */,
			);
			path = Pods;
			sourceTree = "<group>";
		};
		53961F272C25538A00556E77 = {
			isa = PBXGroup;
			children = (
				53961F322C25538A00556E77 /* OPWeather */,
				53961F432C25538B00556E77 /* OPWeatherTests */,
				53961F4D2C25538B00556E77 /* OPWeatherUITests */,
				53961F312C25538A00556E77 /* Products */,
				4911601AF2050DD85C6AF0C2 /* Pods */,
				CF2432C9A7AEC8622F75E108 /* Frameworks */,
			);
			sourceTree = "<group>";
		};
		53961F312C25538A00556E77 /* Products */ = {
			isa = PBXGroup;
			children = (
				53961F302C25538A00556E77 /* OPWeather.app */,
				53961F402C25538B00556E77 /* OPWeatherTests.xctest */,
				53961F4A2C25538B00556E77 /* OPWeatherUITests.xctest */,
			);
			name = Products;
			sourceTree = "<group>";
		};
		53961F322C25538A00556E77 /* OPWeather */ = {
			isa = PBXGroup;
			children = (
				53961F332C25538A00556E77 /* OPWeatherApp.swift */,
				53A459462C256F3C00FD969B /* Models */,
				53A459472C256F6200FD969B /* ViewModels */,
				53A459482C256FB300FD969B /* Views */,
				53A459492C256FC000FD969B /* Services */,
				53961F372C25538B00556E77 /* Assets.xcassets */,
				53961F392C25538B00556E77 /* Preview Content */,
			);
			path = OPWeather;
			sourceTree = "<group>";
		};
		53961F392C25538B00556E77 /* Preview Content */ = {
			isa = PBXGroup;
			children = (
				53961F3A2C25538B00556E77 /* Preview Assets.xcassets */,
			);
			path = "Preview Content";
			sourceTree = "<group>";
		};
		53961F432C25538B00556E77 /* OPWeatherTests */ = {
			isa = PBXGroup;
			children = (
				53BA9B352C899CD9008E6D39 /* MockWeatherService.swift */,
				53961F442C25538B00556E77 /* WeatherViewModelTests.swift */,
			);
			path = OPWeatherTests;
			sourceTree = "<group>";
		};
		53961F4D2C25538B00556E77 /* OPWeatherUITests */ = {
			isa = PBXGroup;
			children = (
				53961F4E2C25538B00556E77 /* OPWeatherUITests.swift */,
				53961F502C25538B00556E77 /* OPWeatherUITestsLaunchTests.swift */,
			);
			path = OPWeatherUITests;
			sourceTree = "<group>";
		};
		53A459462C256F3C00FD969B /* Models */ = {
			isa = PBXGroup;
			children = (
				53A4594A2C2572C800FD969B /* WeatherData.swift */,
			);
			path = Models;
			sourceTree = "<group>";
		};
		53A459472C256F6200FD969B /* ViewModels */ = {
			isa = PBXGroup;
			children = (
				53FDC4622C2557CA00F96B83 /* WeatherViewModel.swift */,
			);
			path = ViewModels;
			sourceTree = "<group>";
		};
		53A459482C256FB300FD969B /* Views */ = {
			isa = PBXGroup;
			children = (
				53961F352C25538A00556E77 /* ContentView.swift */,
				53A459522C29A43300FD969B /* RainScene.swift */,
				53A459542C2D8E2F00FD969B /* SunnyScene.swift */,
			);
			path = Views;
			sourceTree = "<group>";
		};
		53A459492C256FC000FD969B /* Services */ = {
			isa = PBXGroup;
			children = (
				53FDC4602C25567500F96B83 /* WeatherService.swift */,
				53A4594C2C27F1A700FD969B /* LocationManager.swift */,
				53BA9B332C897A3A008E6D39 /* WeatherServiceProtocol.swift */,
				53A4594E2C298F9D00FD969B /* RainFall.sks */,
				536398412C362CAF00427993 /* snowFall.sks */,
				53A4594F2C298F9D00FD969B /* Assets.xcassets */,
			);
			path = Services;
			sourceTree = "<group>";
		};
		CF2432C9A7AEC8622F75E108 /* Frameworks */ = {
			isa = PBXGroup;
			children = (
				552657FFCFAC630335266A8B /* Pods_OPWeather.framework */,
			);
			name = Frameworks;
			sourceTree = "<group>";
		};
/* End PBXGroup section */

/* Begin PBXNativeTarget section */
		53961F2F2C25538A00556E77 /* OPWeather */ = {
			isa = PBXNativeTarget;
			buildConfigurationList = 53961F542C25538B00556E77 /* Build configuration list for PBXNativeTarget "OPWeather" */;
			buildPhases = (
				88D1376AB675BEB2F3A10722 /* [CP] Check Pods Manifest.lock */,
				53961F2C2C25538A00556E77 /* Sources */,
				53961F2D2C25538A00556E77 /* Frameworks */,
				53961F2E2C25538A00556E77 /* Resources */,
				1B5EA8EE30371CB2796C519F /* [CP] Embed Pods Frameworks */,
			);
			buildRules = (
			);
			dependencies = (
			);
			name = OPWeather;
			productName = OPWeather;
			productReference = 53961F302C25538A00556E77 /* OPWeather.app */;
			productType = "com.apple.product-type.application";
		};
		53961F3F2C25538B00556E77 /* OPWeatherTests */ = {
			isa = PBXNativeTarget;
			buildConfigurationList = 53961F572C25538B00556E77 /* Build configuration list for PBXNativeTarget "OPWeatherTests" */;
			buildPhases = (
				53961F3C2C25538B00556E77 /* Sources */,
				53961F3D2C25538B00556E77 /* Frameworks */,
				53961F3E2C25538B00556E77 /* Resources */,
			);
			buildRules = (
			);
			dependencies = (
				53961F422C25538B00556E77 /* PBXTargetDependency */,
			);
			name = OPWeatherTests;
			productName = OPWeatherTests;
			productReference = 53961F402C25538B00556E77 /* OPWeatherTests.xctest */;
			productType = "com.apple.product-type.bundle.unit-test";
		};
		53961F492C25538B00556E77 /* OPWeatherUITests */ = {
			isa = PBXNativeTarget;
			buildConfigurationList = 53961F5A2C25538B00556E77 /* Build configuration list for PBXNativeTarget "OPWeatherUITests" */;
			buildPhases = (
				53961F462C25538B00556E77 /* Sources */,
				53961F472C25538B00556E77 /* Frameworks */,
				53961F482C25538B00556E77 /* Resources */,
			);
			buildRules = (
			);
			dependencies = (
				53961F4C2C25538B00556E77 /* PBXTargetDependency */,
			);
			name = OPWeatherUITests;
			productName = OPWeatherUITests;
			productReference = 53961F4A2C25538B00556E77 /* OPWeatherUITests.xctest */;
			productType = "com.apple.product-type.bundle.ui-testing";
		};
/* End PBXNativeTarget section */

/* Begin PBXProject section */
		53961F282C25538A00556E77 /* Project object */ = {
			isa = PBXProject;
			attributes = {
				BuildIndependentTargetsInParallel = 1;
				LastSwiftUpdateCheck = 1540;
				LastUpgradeCheck = 1540;
				TargetAttributes = {
					53961F2F2C25538A00556E77 = {
						CreatedOnToolsVersion = 15.4;
					};
					53961F3F2C25538B00556E77 = {
						CreatedOnToolsVersion = 15.4;
						TestTargetID = 53961F2F2C25538A00556E77;
					};
					53961F492C25538B00556E77 = {
						CreatedOnToolsVersion = 15.4;
						TestTargetID = 53961F2F2C25538A00556E77;
					};
				};
			};
			buildConfigurationList = 53961F2B2C25538A00556E77 /* Build configuration list for PBXProject "OPWeather" */;
			compatibilityVersion = "Xcode 14.0";
			developmentRegion = en;
			hasScannedForEncodings = 0;
			knownRegions = (
				en,
				Base,
			);
			mainGroup = 53961F272C25538A00556E77;
			productRefGroup = 53961F312C25538A00556E77 /* Products */;
			projectDirPath = "";
			projectRoot = "";
			targets = (
				53961F2F2C25538A00556E77 /* OPWeather */,
				53961F3F2C25538B00556E77 /* OPWeatherTests */,
				53961F492C25538B00556E77 /* OPWeatherUITests */,
			);
		};
/* End PBXProject section */

/* Begin PBXResourcesBuildPhase section */
		53961F2E2C25538A00556E77 /* Resources */ = {
			isa = PBXResourcesBuildPhase;
			buildActionMask = 2147483647;
			files = (
				53961F3B2C25538B00556E77 /* Preview Assets.xcassets in Resources */,
				536398422C362CAF00427993 /* snowFall.sks in Resources */,
				53A459502C298F9E00FD969B /* RainFall.sks in Resources */,
				53A459512C298F9E00FD969B /* Assets.xcassets in Resources */,
				53961F382C25538B00556E77 /* Assets.xcassets in Resources */,
			);
			runOnlyForDeploymentPostprocessing = 0;
		};
		53961F3E2C25538B00556E77 /* Resources */ = {
			isa = PBXResourcesBuildPhase;
			buildActionMask = 2147483647;
			files = (
			);
			runOnlyForDeploymentPostprocessing = 0;
		};
		53961F482C25538B00556E77 /* Resources */ = {
			isa = PBXResourcesBuildPhase;
			buildActionMask = 2147483647;
			files = (
			);
			runOnlyForDeploymentPostprocessing = 0;
		};
/* End PBXResourcesBuildPhase section */

/* Begin PBXShellScriptBuildPhase section */
		1B5EA8EE30371CB2796C519F /* [CP] Embed Pods Frameworks */ = {
			isa = PBXShellScriptBuildPhase;
			buildActionMask = 2147483647;
			files = (
			);
			inputFileListPaths = (
				"${PODS_ROOT}/Target Support Files/Pods-OPWeather/Pods-OPWeather-frameworks-${CONFIGURATION}-input-files.xcfilelist",
			);
			name = "[CP] Embed Pods Frameworks";
			outputFileListPaths = (
				"${PODS_ROOT}/Target Support Files/Pods-OPWeather/Pods-OPWeather-frameworks-${CONFIGURATION}-output-files.xcfilelist",
			);
			runOnlyForDeploymentPostprocessing = 0;
			shellPath = /bin/sh;
			shellScript = "\"${PODS_ROOT}/Target Support Files/Pods-OPWeather/Pods-OPWeather-frameworks.sh\"\n";
			showEnvVarsInLog = 0;
		};
		88D1376AB675BEB2F3A10722 /* [CP] Check Pods Manifest.lock */ = {
			isa = PBXShellScriptBuildPhase;
			buildActionMask = 2147483647;
			files = (
			);
			inputFileListPaths = (
			);
			inputPaths = (
				"${PODS_PODFILE_DIR_PATH}/Podfile.lock",
				"${PODS_ROOT}/Manifest.lock",
			);
			name = "[CP] Check Pods Manifest.lock";
			outputFileListPaths = (
			);
			outputPaths = (
				"$(DERIVED_FILE_DIR)/Pods-OPWeather-checkManifestLockResult.txt",
			);
			runOnlyForDeploymentPostprocessing = 0;
			shellPath = /bin/sh;
			shellScript = "diff \"${PODS_PODFILE_DIR_PATH}/Podfile.lock\" \"${PODS_ROOT}/Manifest.lock\" > /dev/null\nif [ $? != 0 ] ; then\n    # print error to STDERR\n    echo \"error: The sandbox is not in sync with the Podfile.lock. Run 'pod install' or update your CocoaPods installation.\" >&2\n    exit 1\nfi\n# This output is used by Xcode 'outputs' to avoid re-running this script phase.\necho \"SUCCESS\" > \"${SCRIPT_OUTPUT_FILE_0}\"\n";
			showEnvVarsInLog = 0;
		};
/* End PBXShellScriptBuildPhase section */

/* Begin PBXSourcesBuildPhase section */
		53961F2C2C25538A00556E77 /* Sources */ = {
			isa = PBXSourcesBuildPhase;
			buildActionMask = 2147483647;
			files = (
				53961F362C25538A00556E77 /* ContentView.swift in Sources */,
				53FDC4632C2557CA00F96B83 /* WeatherViewModel.swift in Sources */,
				53A4594D2C27F1A700FD969B /* LocationManager.swift in Sources */,
				53FDC4612C25567500F96B83 /* WeatherService.swift in Sources */,
				53961F342C25538A00556E77 /* OPWeatherApp.swift in Sources */,
				53A459532C29A43300FD969B /* RainScene.swift in Sources */,
				53BA9B342C897A3A008E6D39 /* WeatherServiceProtocol.swift in Sources */,
				53A459552C2D8E2F00FD969B /* SunnyScene.swift in Sources */,
				53A4594B2C2572C800FD969B /* WeatherData.swift in Sources */,
			);
			runOnlyForDeploymentPostprocessing = 0;
		};
		53961F3C2C25538B00556E77 /* Sources */ = {
			isa = PBXSourcesBuildPhase;
			buildActionMask = 2147483647;
			files = (
				53BA9B362C899CD9008E6D39 /* MockWeatherService.swift in Sources */,
				53961F452C25538B00556E77 /* WeatherViewModelTests.swift in Sources */,
			);
			runOnlyForDeploymentPostprocessing = 0;
		};
		53961F462C25538B00556E77 /* Sources */ = {
			isa = PBXSourcesBuildPhase;
			buildActionMask = 2147483647;
			files = (
				53961F512C25538B00556E77 /* OPWeatherUITestsLaunchTests.swift in Sources */,
				53961F4F2C25538B00556E77 /* OPWeatherUITests.swift in Sources */,
			);
			runOnlyForDeploymentPostprocessing = 0;
		};
/* End PBXSourcesBuildPhase section */

/* Begin PBXTargetDependency section */
		53961F422C25538B00556E77 /* PBXTargetDependency */ = {
			isa = PBXTargetDependency;
			target = 53961F2F2C25538A00556E77 /* OPWeather */;
			targetProxy = 53961F412C25538B00556E77 /* PBXContainerItemProxy */;
		};
		53961F4C2C25538B00556E77 /* PBXTargetDependency */ = {
			isa = PBXTargetDependency;
			target = 53961F2F2C25538A00556E77 /* OPWeather */;
			targetProxy = 53961F4B2C25538B00556E77 /* PBXContainerItemProxy */;
		};
/* End PBXTargetDependency section */

/* Begin XCBuildConfiguration section */
		53961F522C25538B00556E77 /* Debug */ = {
			isa = XCBuildConfiguration;
			buildSettings = {
				ALWAYS_SEARCH_USER_PATHS = NO;
				ASSETCATALOG_COMPILER_GENERATE_SWIFT_ASSET_SYMBOL_EXTENSIONS = YES;
				CLANG_ANALYZER_NONNULL = YES;
				CLANG_ANALYZER_NUMBER_OBJECT_CONVERSION = YES_AGGRESSIVE;
				CLANG_CXX_LANGUAGE_STANDARD = "gnu++20";
				CLANG_ENABLE_MODULES = YES;
				CLANG_ENABLE_OBJC_ARC = YES;
				CLANG_ENABLE_OBJC_WEAK = YES;
				CLANG_WARN_BLOCK_CAPTURE_AUTORELEASING = YES;
				CLANG_WARN_BOOL_CONVERSION = YES;
				CLANG_WARN_COMMA = YES;
				CLANG_WARN_CONSTANT_CONVERSION = YES;
				CLANG_WARN_DEPRECATED_OBJC_IMPLEMENTATIONS = YES;
				CLANG_WARN_DIRECT_OBJC_ISA_USAGE = YES_ERROR;
				CLANG_WARN_DOCUMENTATION_COMMENTS = YES;
				CLANG_WARN_EMPTY_BODY = YES;
				CLANG_WARN_ENUM_CONVERSION = YES;
				CLANG_WARN_INFINITE_RECURSION = YES;
				CLANG_WARN_INT_CONVERSION = YES;
				CLANG_WARN_NON_LITERAL_NULL_CONVERSION = YES;
				CLANG_WARN_OBJC_IMPLICIT_RETAIN_SELF = YES;
				CLANG_WARN_OBJC_LITERAL_CONVERSION = YES;
				CLANG_WARN_OBJC_ROOT_CLASS = YES_ERROR;
				CLANG_WARN_QUOTED_INCLUDE_IN_FRAMEWORK_HEADER = YES;
				CLANG_WARN_RANGE_LOOP_ANALYSIS = YES;
				CLANG_WARN_STRICT_PROTOTYPES = YES;
				CLANG_WARN_SUSPICIOUS_MOVE = YES;
				CLANG_WARN_UNGUARDED_AVAILABILITY = YES_AGGRESSIVE;
				CLANG_WARN_UNREACHABLE_CODE = YES;
				CLANG_WARN__DUPLICATE_METHOD_MATCH = YES;
				COPY_PHASE_STRIP = NO;
				DEBUG_INFORMATION_FORMAT = dwarf;
				ENABLE_STRICT_OBJC_MSGSEND = YES;
				ENABLE_TESTABILITY = YES;
				ENABLE_USER_SCRIPT_SANDBOXING = YES;
				GCC_C_LANGUAGE_STANDARD = gnu17;
				GCC_DYNAMIC_NO_PIC = NO;
				GCC_NO_COMMON_BLOCKS = YES;
				GCC_OPTIMIZATION_LEVEL = 0;
				GCC_PREPROCESSOR_DEFINITIONS = (
					"DEBUG=1",
					"$(inherited)",
				);
				GCC_WARN_64_TO_32_BIT_CONVERSION = YES;
				GCC_WARN_ABOUT_RETURN_TYPE = YES_ERROR;
				GCC_WARN_UNDECLARED_SELECTOR = YES;
				GCC_WARN_UNINITIALIZED_AUTOS = YES_AGGRESSIVE;
				GCC_WARN_UNUSED_FUNCTION = YES;
				GCC_WARN_UNUSED_VARIABLE = YES;
				IPHONEOS_DEPLOYMENT_TARGET = 17.5;
				LOCALIZATION_PREFERS_STRING_CATALOGS = YES;
				MTL_ENABLE_DEBUG_INFO = INCLUDE_SOURCE;
				MTL_FAST_MATH = YES;
				ONLY_ACTIVE_ARCH = YES;
				SDKROOT = iphoneos;
				SWIFT_ACTIVE_COMPILATION_CONDITIONS = "DEBUG $(inherited)";
				SWIFT_OPTIMIZATION_LEVEL = "-Onone";
			};
			name = Debug;
		};
		53961F532C25538B00556E77 /* Release */ = {
			isa = XCBuildConfiguration;
			buildSettings = {
				ALWAYS_SEARCH_USER_PATHS = NO;
				ASSETCATALOG_COMPILER_GENERATE_SWIFT_ASSET_SYMBOL_EXTENSIONS = YES;
				CLANG_ANALYZER_NONNULL = YES;
				CLANG_ANALYZER_NUMBER_OBJECT_CONVERSION = YES_AGGRESSIVE;
				CLANG_CXX_LANGUAGE_STANDARD = "gnu++20";
				CLANG_ENABLE_MODULES = YES;
				CLANG_ENABLE_OBJC_ARC = YES;
				CLANG_ENABLE_OBJC_WEAK = YES;
				CLANG_WARN_BLOCK_CAPTURE_AUTORELEASING = YES;
				CLANG_WARN_BOOL_CONVERSION = YES;
				CLANG_WARN_COMMA = YES;
				CLANG_WARN_CONSTANT_CONVERSION = YES;
				CLANG_WARN_DEPRECATED_OBJC_IMPLEMENTATIONS = YES;
				CLANG_WARN_DIRECT_OBJC_ISA_USAGE = YES_ERROR;
				CLANG_WARN_DOCUMENTATION_COMMENTS = YES;
				CLANG_WARN_EMPTY_BODY = YES;
				CLANG_WARN_ENUM_CONVERSION = YES;
				CLANG_WARN_INFINITE_RECURSION = YES;
				CLANG_WARN_INT_CONVERSION = YES;
				CLANG_WARN_NON_LITERAL_NULL_CONVERSION = YES;
				CLANG_WARN_OBJC_IMPLICIT_RETAIN_SELF = YES;
				CLANG_WARN_OBJC_LITERAL_CONVERSION = YES;
				CLANG_WARN_OBJC_ROOT_CLASS = YES_ERROR;
				CLANG_WARN_QUOTED_INCLUDE_IN_FRAMEWORK_HEADER = YES;
				CLANG_WARN_RANGE_LOOP_ANALYSIS = YES;
				CLANG_WARN_STRICT_PROTOTYPES = YES;
				CLANG_WARN_SUSPICIOUS_MOVE = YES;
				CLANG_WARN_UNGUARDED_AVAILABILITY = YES_AGGRESSIVE;
				CLANG_WARN_UNREACHABLE_CODE = YES;
				CLANG_WARN__DUPLICATE_METHOD_MATCH = YES;
				COPY_PHASE_STRIP = NO;
				DEBUG_INFORMATION_FORMAT = "dwarf-with-dsym";
				ENABLE_NS_ASSERTIONS = NO;
				ENABLE_STRICT_OBJC_MSGSEND = YES;
				ENABLE_USER_SCRIPT_SANDBOXING = YES;
				GCC_C_LANGUAGE_STANDARD = gnu17;
				GCC_NO_COMMON_BLOCKS = YES;
				GCC_WARN_64_TO_32_BIT_CONVERSION = YES;
				GCC_WARN_ABOUT_RETURN_TYPE = YES_ERROR;
				GCC_WARN_UNDECLARED_SELECTOR = YES;
				GCC_WARN_UNINITIALIZED_AUTOS = YES_AGGRESSIVE;
				GCC_WARN_UNUSED_FUNCTION = YES;
				GCC_WARN_UNUSED_VARIABLE = YES;
				IPHONEOS_DEPLOYMENT_TARGET = 17.5;
				LOCALIZATION_PREFERS_STRING_CATALOGS = YES;
				MTL_ENABLE_DEBUG_INFO = NO;
				MTL_FAST_MATH = YES;
				SDKROOT = iphoneos;
				SWIFT_COMPILATION_MODE = wholemodule;
				VALIDATE_PRODUCT = YES;
			};
			name = Release;
		};
		53961F552C25538B00556E77 /* Debug */ = {
			isa = XCBuildConfiguration;
			baseConfigurationReference = 3CE6366FDC125AC30E3E06D5 /* Pods-OPWeather.debug.xcconfig */;
			buildSettings = {
				ASSETCATALOG_COMPILER_APPICON_NAME = AppIcon;
				ASSETCATALOG_COMPILER_GLOBAL_ACCENT_COLOR_NAME = AccentColor;
				CODE_SIGN_STYLE = Automatic;
				CURRENT_PROJECT_VERSION = 1;
				DEVELOPMENT_ASSET_PATHS = "\"OPWeather/Preview Content\"";
				DEVELOPMENT_TEAM = 5GA3WVKYZ6;
				ENABLE_PREVIEWS = YES;
				ENABLE_USER_SCRIPT_SANDBOXING = NO;
				GENERATE_INFOPLIST_FILE = YES;
				INFOPLIST_KEY_NSLocationWhenInUseUsageDescription = "このアプリは位置情報を使用して天気情報を取得します";
				INFOPLIST_KEY_UIApplicationSceneManifest_Generation = YES;
				INFOPLIST_KEY_UIApplicationSupportsIndirectInputEvents = YES;
				INFOPLIST_KEY_UILaunchScreen_Generation = YES;
				INFOPLIST_KEY_UISupportedInterfaceOrientations_iPad = "UIInterfaceOrientationPortrait UIInterfaceOrientationPortraitUpsideDown UIInterfaceOrientationLandscapeLeft UIInterfaceOrientationLandscapeRight";
				INFOPLIST_KEY_UISupportedInterfaceOrientations_iPhone = "UIInterfaceOrientationPortrait UIInterfaceOrientationPortrait UIInterfaceOrientationLandscapeLeft UIInterfaceOrientationLandscapeRight";
				LD_RUNPATH_SEARCH_PATHS = (
					"$(inherited)",
					"@executable_path/Frameworks",
				);
				MARKETING_VERSION = 1.0;
				PRODUCT_BUNDLE_IDENTIFIER = com.silvia.OPWeather;
				PRODUCT_NAME = "$(TARGET_NAME)";
				SWIFT_EMIT_LOC_STRINGS = YES;
				SWIFT_VERSION = 5.0;
				TARGETED_DEVICE_FAMILY = "1,2";
			};
			name = Debug;
		};
		53961F562C25538B00556E77 /* Release */ = {
			isa = XCBuildConfiguration;
			baseConfigurationReference = FCE455EACC6BAFDE8948DA74 /* Pods-OPWeather.release.xcconfig */;
			buildSettings = {
				ASSETCATALOG_COMPILER_APPICON_NAME = AppIcon;
				ASSETCATALOG_COMPILER_GLOBAL_ACCENT_COLOR_NAME = AccentColor;
				CODE_SIGN_STYLE = Automatic;
				CURRENT_PROJECT_VERSION = 1;
				DEVELOPMENT_ASSET_PATHS = "\"OPWeather/Preview Content\"";
				DEVELOPMENT_TEAM = 5GA3WVKYZ6;
				ENABLE_PREVIEWS = YES;
				ENABLE_USER_SCRIPT_SANDBOXING = NO;
				GENERATE_INFOPLIST_FILE = YES;
				INFOPLIST_KEY_NSLocationWhenInUseUsageDescription = "このアプリは位置情報を使用して天気情報を取得します";
				INFOPLIST_KEY_UIApplicationSceneManifest_Generation = YES;
				INFOPLIST_KEY_UIApplicationSupportsIndirectInputEvents = YES;
				INFOPLIST_KEY_UILaunchScreen_Generation = YES;
				INFOPLIST_KEY_UISupportedInterfaceOrientations_iPad = "UIInterfaceOrientationPortrait UIInterfaceOrientationPortraitUpsideDown UIInterfaceOrientationLandscapeLeft UIInterfaceOrientationLandscapeRight";
				INFOPLIST_KEY_UISupportedInterfaceOrientations_iPhone = "UIInterfaceOrientationPortrait UIInterfaceOrientationPortrait UIInterfaceOrientationLandscapeLeft UIInterfaceOrientationLandscapeRight";
				LD_RUNPATH_SEARCH_PATHS = (
					"$(inherited)",
					"@executable_path/Frameworks",
				);
				MARKETING_VERSION = 1.0;
				PRODUCT_BUNDLE_IDENTIFIER = com.silvia.OPWeather;
				PRODUCT_NAME = "$(TARGET_NAME)";
				SWIFT_EMIT_LOC_STRINGS = YES;
				SWIFT_VERSION = 5.0;
				TARGETED_DEVICE_FAMILY = "1,2";
			};
			name = Release;
		};
		53961F582C25538B00556E77 /* Debug */ = {
			isa = XCBuildConfiguration;
			buildSettings = {
				ALWAYS_EMBED_SWIFT_STANDARD_LIBRARIES = YES;
				BUNDLE_LOADER = "$(TEST_HOST)";
				CODE_SIGN_STYLE = Automatic;
				CURRENT_PROJECT_VERSION = 1;
				DEVELOPMENT_TEAM = 5GA3WVKYZ6;
				GENERATE_INFOPLIST_FILE = YES;
				IPHONEOS_DEPLOYMENT_TARGET = 17.5;
				MARKETING_VERSION = 1.0;
				PRODUCT_BUNDLE_IDENTIFIER = com.silvia.OPWeatherTests;
				PRODUCT_NAME = "$(TARGET_NAME)";
				SWIFT_EMIT_LOC_STRINGS = NO;
				SWIFT_VERSION = 5.0;
				TARGETED_DEVICE_FAMILY = "1,2";
				TEST_HOST = "$(BUILT_PRODUCTS_DIR)/OPWeather.app/$(BUNDLE_EXECUTABLE_FOLDER_PATH)/OPWeather";
			};
			name = Debug;
		};
		53961F592C25538B00556E77 /* Release */ = {
			isa = XCBuildConfiguration;
			buildSettings = {
				ALWAYS_EMBED_SWIFT_STANDARD_LIBRARIES = YES;
				BUNDLE_LOADER = "$(TEST_HOST)";
				CODE_SIGN_STYLE = Automatic;
				CURRENT_PROJECT_VERSION = 1;
				DEVELOPMENT_TEAM = 5GA3WVKYZ6;
				GENERATE_INFOPLIST_FILE = YES;
				IPHONEOS_DEPLOYMENT_TARGET = 17.5;
				MARKETING_VERSION = 1.0;
				PRODUCT_BUNDLE_IDENTIFIER = com.silvia.OPWeatherTests;
				PRODUCT_NAME = "$(TARGET_NAME)";
				SWIFT_EMIT_LOC_STRINGS = NO;
				SWIFT_VERSION = 5.0;
				TARGETED_DEVICE_FAMILY = "1,2";
				TEST_HOST = "$(BUILT_PRODUCTS_DIR)/OPWeather.app/$(BUNDLE_EXECUTABLE_FOLDER_PATH)/OPWeather";
			};
			name = Release;
		};
		53961F5B2C25538B00556E77 /* Debug */ = {
			isa = XCBuildConfiguration;
			buildSettings = {
				ALWAYS_EMBED_SWIFT_STANDARD_LIBRARIES = YES;
				CODE_SIGN_STYLE = Automatic;
				CURRENT_PROJECT_VERSION = 1;
				DEVELOPMENT_TEAM = 5GA3WVKYZ6;
				GENERATE_INFOPLIST_FILE = YES;
				MARKETING_VERSION = 1.0;
				PRODUCT_BUNDLE_IDENTIFIER = com.silvia.OPWeatherUITests;
				PRODUCT_NAME = "$(TARGET_NAME)";
				SWIFT_EMIT_LOC_STRINGS = NO;
				SWIFT_VERSION = 5.0;
				TARGETED_DEVICE_FAMILY = "1,2";
				TEST_TARGET_NAME = OPWeather;
			};
			name = Debug;
		};
		53961F5C2C25538B00556E77 /* Release */ = {
			isa = XCBuildConfiguration;
			buildSettings = {
				ALWAYS_EMBED_SWIFT_STANDARD_LIBRARIES = YES;
				CODE_SIGN_STYLE = Automatic;
				CURRENT_PROJECT_VERSION = 1;
				DEVELOPMENT_TEAM = 5GA3WVKYZ6;
				GENERATE_INFOPLIST_FILE = YES;
				MARKETING_VERSION = 1.0;
				PRODUCT_BUNDLE_IDENTIFIER = com.silvia.OPWeatherUITests;
				PRODUCT_NAME = "$(TARGET_NAME)";
				SWIFT_EMIT_LOC_STRINGS = NO;
				SWIFT_VERSION = 5.0;
				TARGETED_DEVICE_FAMILY = "1,2";
				TEST_TARGET_NAME = OPWeather;
			};
			name = Release;
		};
/* End XCBuildConfiguration section */

/* Begin XCConfigurationList section */
		53961F2B2C25538A00556E77 /* Build configuration list for PBXProject "OPWeather" */ = {
			isa = XCConfigurationList;
			buildConfigurations = (
				53961F522C25538B00556E77 /* Debug */,
				53961F532C25538B00556E77 /* Release */,
			);
			defaultConfigurationIsVisible = 0;
			defaultConfigurationName = Release;
		};
		53961F542C25538B00556E77 /* Build configuration list for PBXNativeTarget "OPWeather" */ = {
			isa = XCConfigurationList;
			buildConfigurations = (
				53961F552C25538B00556E77 /* Debug */,
				53961F562C25538B00556E77 /* Release */,
			);
			defaultConfigurationIsVisible = 0;
			defaultConfigurationName = Release;
		};
		53961F572C25538B00556E77 /* Build configuration list for PBXNativeTarget "OPWeatherTests" */ = {
			isa = XCConfigurationList;
			buildConfigurations = (
				53961F582C25538B00556E77 /* Debug */,
				53961F592C25538B00556E77 /* Release */,
			);
			defaultConfigurationIsVisible = 0;
			defaultConfigurationName = Release;
		};
		53961F5A2C25538B00556E77 /* Build configuration list for PBXNativeTarget "OPWeatherUITests" */ = {
			isa = XCConfigurationList;
			buildConfigurations = (
				53961F5B2C25538B00556E77 /* Debug */,
				53961F5C2C25538B00556E77 /* Release */,
			);
			defaultConfigurationIsVisible = 0;
			defaultConfigurationName = Release;
		};
/* End XCConfigurationList section */
	};
	rootObject = 53961F282C25538A00556E77 /* Project object */;
}
